
Microsoft Visual Studio Solution File, Format Version 12.00
# Visual Studio Version 17
VisualStudioVersion = 17.0.32112.339
MinimumVisualStudioVersion = 10.0.40219.1
Project("{FAE04EC0-301F-11D3-BF4B-00C04F79EFBC}") = "05_生成JWT", "05_生成JWT\05_生成JWT.csproj", "{BB754098-0ED6-4145-A884-551517EB44C2}"
EndProject
Project("{FAE04EC0-301F-11D3-BF4B-00C04F79EFBC}") = "Jwt解密", "Jwt解密\Jwt解密.csproj", "{B51656BC-7637-40B5-BC50-D436A8AEF754}"
EndProject
Project("{FAE04EC0-301F-11D3-BF4B-00C04F79EFBC}") = "Jwt校验签名", "Jwt校验签名\Jwt校验签名.csproj", "{DEAD6B60-E159-462F-A10E-6F12C560BFAA}"
EndProject
Global
	GlobalSection(SolutionConfigurationPlatforms) = preSolution
		Debug|Any CPU = Debug|Any CPU
		Release|Any CPU = Release|Any CPU
	EndGlobalSection
	GlobalSection(ProjectConfigurationPlatforms) = postSolution
		{BB754098-0ED6-4145-A884-551517EB44C2}.Debug|Any CPU.ActiveCfg = Debug|Any CPU
		{BB754098-0ED6-4145-A884-551517EB44C2}.Debug|Any CPU.Build.0 = Debug|Any CPU
		{BB754098-0ED6-4145-A884-551517EB44C2}.Release|Any CPU.ActiveCfg = Release|Any CPU
		{BB754098-0ED6-4145-A884-551517EB44C2}.Release|Any CPU.Build.0 = Release|Any CPU
		{B51656BC-7637-40B5-BC50-D436A8AEF754}.Debug|Any CPU.ActiveCfg = Debug|Any CPU
		{B51656BC-7637-40B5-BC50-D436A8AEF754}.Debug|Any CPU.Build.0 = Debug|Any CPU
		{B51656BC-7637-40B5-BC50-D436A8AEF754}.Release|Any CPU.ActiveCfg = Release|Any CPU
		{B51656BC-7637-40B5-BC50-D436A8AEF754}.Release|Any CPU.Build.0 = Release|Any CPU
		{DEAD6B60-E159-462F-A10E-6F12C560BFAA}.Debug|Any CPU.ActiveCfg = Debug|Any CPU
		{DEAD6B60-E159-462F-A10E-6F12C560BFAA}.Debug|Any CPU.Build.0 = Debug|Any CPU
		{DEAD6B60-E159-462F-A10E-6F12C560BFAA}.Release|Any CPU.ActiveCfg = Release|Any CPU
		{DEAD6B60-E159-462F-A10E-6F12C560BFAA}.Release|Any CPU.Build.0 = Release|Any CPU
	EndGlobalSection
	GlobalSection(SolutionProperties) = preSolution
		HideSolutionNode = FALSE
	EndGlobalSection
	GlobalSection(ExtensibilityGlobals) = postSolution
		SolutionGuid = {F189B5BA-DEDD-452D-9943-D845EDBC32CF}
	EndGlobalSection
EndGlobal
